
Microsoft Visual Studio Solution File, Format Version 12.00
# Visual Studio Version 16
VisualStudioVersion = 16.0.32602.291
MinimumVisualStudioVersion = 10.0.40219.1
Project("{FAE04EC0-301F-11D3-BF4B-00C04F79EFBC}") = "FunTranslator2", "FunTranslator2\FunTranslator2.csproj", "{AAEC33D5-14F2-44B3-B41C-DFF0CC4806BE}"
EndProject
Project("{FAE04EC0-301F-11D3-BF4B-00C04F79EFBC}") = "FunTranslator2.UnitTests", "FunTranslator2.UnitTests\FunTranslator2.UnitTests.csproj", "{43B9BFF0-E23E-4B3C-97AB-594393CC3113}"
EndProject
Global
	GlobalSection(SolutionConfigurationPlatforms) = preSolution
		Debug|Any CPU = Debug|Any CPU
		Release|Any CPU = Release|Any CPU
	EndGlobalSection
	GlobalSection(ProjectConfigurationPlatforms) = postSolution
		{AAEC33D5-14F2-44B3-B41C-DFF0CC4806BE}.Debug|Any CPU.ActiveCfg = Debug|Any CPU
		{AAEC33D5-14F2-44B3-B41C-DFF0CC4806BE}.Debug|Any CPU.Build.0 = Debug|Any CPU
		{AAEC33D5-14F2-44B3-B41C-DFF0CC4806BE}.Release|Any CPU.ActiveCfg = Release|Any CPU
		{AAEC33D5-14F2-44B3-B41C-DFF0CC4806BE}.Release|Any CPU.Build.0 = Release|Any CPU
		{43B9BFF0-E23E-4B3C-97AB-594393CC3113}.Debug|Any CPU.ActiveCfg = Debug|Any CPU
		{43B9BFF0-E23E-4B3C-97AB-594393CC3113}.Debug|Any CPU.Build.0 = Debug|Any CPU
		{43B9BFF0-E23E-4B3C-97AB-594393CC3113}.Release|Any CPU.ActiveCfg = Release|Any CPU
		{43B9BFF0-E23E-4B3C-97AB-594393CC3113}.Release|Any CPU.Build.0 = Release|Any CPU
	EndGlobalSection
	GlobalSection(SolutionProperties) = preSolution
		HideSolutionNode = FALSE
	EndGlobalSection
	GlobalSection(ExtensibilityGlobals) = postSolution
		SolutionGuid = {F25EC912-AD3B-405E-B611-7AFF045433E7}
	EndGlobalSection
EndGlobal
